
Microsoft Visual Studio Solution File, Format Version 12.00
# Visual Studio Version 17
VisualStudioVersion = 17.5.33209.295
MinimumVisualStudioVersion = 10.0.40219.1
Project("{FAE04EC0-301F-11D3-BF4B-00C04F79EFBC}") = "learn-wpf", "learn-wpf\learn-wpf.csproj", "{A5801DC8-173C-46F6-A6E0-5236976C80F4}"
EndProject
Global
	GlobalSection(SolutionConfigurationPlatforms) = preSolution
		Debug|Any CPU = Debug|Any CPU
		Release|Any CPU = Release|Any CPU
	EndGlobalSection
	GlobalSection(ProjectConfigurationPlatforms) = postSolution
		{A5801DC8-173C-46F6-A6E0-5236976C80F4}.Debug|Any CPU.ActiveCfg = Debug|Any CPU
		{A5801DC8-173C-46F6-A6E0-5236976C80F4}.Debug|Any CPU.Build.0 = Debug|Any CPU
		{A5801DC8-173C-46F6-A6E0-5236976C80F4}.Release|Any CPU.ActiveCfg = Release|Any CPU
		{A5801DC8-173C-46F6-A6E0-5236976C80F4}.Release|Any CPU.Build.0 = Release|Any CPU
	EndGlobalSection
	GlobalSection(SolutionProperties) = preSolution
		HideSolutionNode = FALSE
	EndGlobalSection
	GlobalSection(ExtensibilityGlobals) = postSolution
		SolutionGuid = {BFA9E132-54B8-4D50-A285-4C0B4D6CA590}
	EndGlobalSection
EndGlobal
